
Microsoft Visual Studio Solution File, Format Version 11.00
# Visual Studio 2010
Project("{F184B08F-C81C-45F6-A57F-5ABD9991F28F}") = "WindowsApplication8", "WindowsApplication8\WindowsApplication8.vbproj", "{3A5F173A-025F-490A-B770-D07B3308E726}"
EndProject
Global
	GlobalSection(SolutionConfigurationPlatforms) = preSolution
		Debug|x86 = Debug|x86
		Release|x86 = Release|x86
	EndGlobalSection
	GlobalSection(ProjectConfigurationPlatforms) = postSolution
		{3A5F173A-025F-490A-B770-D07B3308E726}.Debug|x86.ActiveCfg = Debug|x86
		{3A5F173A-025F-490A-B770-D07B3308E726}.Debug|x86.Build.0 = Debug|x86
		{3A5F173A-025F-490A-B770-D07B3308E726}.Release|x86.ActiveCfg = Release|x86
		{3A5F173A-025F-490A-B770-D07B3308E726}.Release|x86.Build.0 = Release|x86
	EndGlobalSection
	GlobalSection(SolutionProperties) = preSolution
		HideSolutionNode = FALSE
	EndGlobalSection
EndGlobal
